// !$*UTF8*$!
{
	archiveVersion = 1;
	classes = {
	};
	objectVersion = 55;
	objects = {

/* Begin PBXBuildFile section */
		168DA9C6766BEB2516487EE2 /* Pods_TableViewDayThree.framework in Frameworks */ = {isa = PBXBuildFile; fileRef = 324AEB42330E55F507F9F199 /* Pods_TableViewDayThree.framework */; };
		8744749828597CB4006EE421 /* AppDelegate.swift in Sources */ = {isa = PBXBuildFile; fileRef = 8744749728597CB4006EE421 /* AppDelegate.swift */; };
		8744749A28597CB4006EE421 /* SceneDelegate.swift in Sources */ = {isa = PBXBuildFile; fileRef = 8744749928597CB4006EE421 /* SceneDelegate.swift */; };
		8744749F28597CB4006EE421 /* Main.storyboard in Resources */ = {isa = PBXBuildFile; fileRef = 8744749D28597CB4006EE421 /* Main.storyboard */; };
		874474A128597CB6006EE421 /* Assets.xcassets in Resources */ = {isa = PBXBuildFile; fileRef = 874474A028597CB6006EE421 /* Assets.xcassets */; };
		874474A428597CB6006EE421 /* LaunchScreen.storyboard in Resources */ = {isa = PBXBuildFile; fileRef = 874474A228597CB6006EE421 /* LaunchScreen.storyboard */; };
		874474AE28597E33006EE421 /* TableViewController.swift in Sources */ = {isa = PBXBuildFile; fileRef = 874474AD28597E33006EE421 /* TableViewController.swift */; };
		874474B0285982AB006EE421 /* BookCell.swift in Sources */ = {isa = PBXBuildFile; fileRef = 874474AF285982AB006EE421 /* BookCell.swift */; };
		874474B2285987D5006EE421 /* modelbook.swift in Sources */ = {isa = PBXBuildFile; fileRef = 874474B1285987D5006EE421 /* modelbook.swift */; };
		876E70442859C23000EF6DE1 /* book.json in Resources */ = {isa = PBXBuildFile; fileRef = 876E70432859C23000EF6DE1 /* book.json */; };
/* End PBXBuildFile section */

/* Begin PBXFileReference section */
		2A3C12D83DF1A37B2918AD1A /* Pods-TableViewDayThree.release.xcconfig */ = {isa = PBXFileReference; includeInIndex = 1; lastKnownFileType = text.xcconfig; name = "Pods-TableViewDayThree.release.xcconfig"; path = "Target Support Files/Pods-TableViewDayThree/Pods-TableViewDayThree.release.xcconfig"; sourceTree = "<group>"; };
		324AEB42330E55F507F9F199 /* Pods_TableViewDayThree.framework */ = {isa = PBXFileReference; explicitFileType = wrapper.framework; includeInIndex = 0; path = Pods_TableViewDayThree.framework; sourceTree = BUILT_PRODUCTS_DIR; };
		39F21785244F0E2F0EDB88FB /* Pods-TableViewDayThree.debug.xcconfig */ = {isa = PBXFileReference; includeInIndex = 1; lastKnownFileType = text.xcconfig; name = "Pods-TableViewDayThree.debug.xcconfig"; path = "Target Support Files/Pods-TableViewDayThree/Pods-TableViewDayThree.debug.xcconfig"; sourceTree = "<group>"; };
		8744749428597CB4006EE421 /* TableViewDayThree.app */ = {isa = PBXFileReference; explicitFileType = wrapper.application; includeInIndex = 0; path = TableViewDayThree.app; sourceTree = BUILT_PRODUCTS_DIR; };
		8744749728597CB4006EE421 /* AppDelegate.swift */ = {isa = PBXFileReference; lastKnownFileType = sourcecode.swift; path = AppDelegate.swift; sourceTree = "<group>"; };
		8744749928597CB4006EE421 /* SceneDelegate.swift */ = {isa = PBXFileReference; lastKnownFileType = sourcecode.swift; path = SceneDelegate.swift; sourceTree = "<group>"; };
		8744749E28597CB4006EE421 /* Base */ = {isa = PBXFileReference; lastKnownFileType = file.storyboard; name = Base; path = Base.lproj/Main.storyboard; sourceTree = "<group>"; };
		874474A028597CB6006EE421 /* Assets.xcassets */ = {isa = PBXFileReference; lastKnownFileType = folder.assetcatalog; path = Assets.xcassets; sourceTree = "<group>"; };
		874474A328597CB6006EE421 /* Base */ = {isa = PBXFileReference; lastKnownFileType = file.storyboard; name = Base; path = Base.lproj/LaunchScreen.storyboard; sourceTree = "<group>"; };
		874474A528597CB6006EE421 /* Info.plist */ = {isa = PBXFileReference; lastKnownFileType = text.plist.xml; path = Info.plist; sourceTree = "<group>"; };
		874474AD28597E33006EE421 /* TableViewController.swift */ = {isa = PBXFileReference; lastKnownFileType = sourcecode.swift; path = TableViewController.swift; sourceTree = "<group>"; };
		874474AF285982AB006EE421 /* BookCell.swift */ = {isa = PBXFileReference; lastKnownFileType = sourcecode.swift; path = BookCell.swift; sourceTree = "<group>"; };
		874474B1285987D5006EE421 /* modelbook.swift */ = {isa = PBXFileReference; lastKnownFileType = sourcecode.swift; path = modelbook.swift; sourceTree = "<group>"; };
		876E70432859C23000EF6DE1 /* book.json */ = {isa = PBXFileReference; fileEncoding = 4; lastKnownFileType = text.json; name = book.json; path = ../../../../Downloads/book.json; sourceTree = "<group>"; };
/* End PBXFileReference section */

/* Begin PBXFrameworksBuildPhase section */
		8744749128597CB4006EE421 /* Frameworks */ = {
			isa = PBXFrameworksBuildPhase;
			buildActionMask = 2147483647;
			files = (
				168DA9C6766BEB2516487EE2 /* Pods_TableViewDayThree.framework in Frameworks */,
			);
			runOnlyForDeploymentPostprocessing = 0;
		};
/* End PBXFrameworksBuildPhase section */

/* Begin PBXGroup section */
		06ABB2381AE85A76B50787C2 /* Frameworks */ = {
			isa = PBXGroup;
			children = (
				324AEB42330E55F507F9F199 /* Pods_TableViewDayThree.framework */,
			);
			name = Frameworks;
			sourceTree = "<group>";
		};
		6942351283444B8FF4FF6DD3 /* Pods */ = {
			isa = PBXGroup;
			children = (
				39F21785244F0E2F0EDB88FB /* Pods-TableViewDayThree.debug.xcconfig */,
				2A3C12D83DF1A37B2918AD1A /* Pods-TableViewDayThree.release.xcconfig */,
			);
			name = Pods;
			path = Pods;
			sourceTree = "<group>";
		};
		8744748B28597CB4006EE421 = {
			isa = PBXGroup;
			children = (
				8744749628597CB4006EE421 /* TableViewDayThree */,
				8744749528597CB4006EE421 /* Products */,
				6942351283444B8FF4FF6DD3 /* Pods */,
				06ABB2381AE85A76B50787C2 /* Frameworks */,
			);
			sourceTree = "<group>";
		};
		8744749528597CB4006EE421 /* Products */ = {
			isa = PBXGroup;
			children = (
				8744749428597CB4006EE421 /* TableViewDayThree.app */,
			);
			name = Products;
			sourceTree = "<group>";
		};
		8744749628597CB4006EE421 /* TableViewDayThree */ = {
			isa = PBXGroup;
			children = (
				8744749728597CB4006EE421 /* AppDelegate.swift */,
				8744749928597CB4006EE421 /* SceneDelegate.swift */,
				8744749D28597CB4006EE421 /* Main.storyboard */,
				874474AD28597E33006EE421 /* TableViewController.swift */,
				874474AF285982AB006EE421 /* BookCell.swift */,
				874474A028597CB6006EE421 /* Assets.xcassets */,
				874474A228597CB6006EE421 /* LaunchScreen.storyboard */,
				874474A528597CB6006EE421 /* Info.plist */,
				874474B1285987D5006EE421 /* modelbook.swift */,
				876E70432859C23000EF6DE1 /* book.json */,
			);
			path = TableViewDayThree;
			sourceTree = "<group>";
		};
/* End PBXGroup section */

/* Begin PBXNativeTarget section */
		8744749328597CB4006EE421 /* TableViewDayThree */ = {
			isa = PBXNativeTarget;
			buildConfigurationList = 874474A828597CB6006EE421 /* Build configuration list for PBXNativeTarget "TableViewDayThree" */;
			buildPhases = (
				FD12A62ACEBEEC61C3254559 /* [CP] Check Pods Manifest.lock */,
				8744749028597CB4006EE421 /* Sources */,
				8744749128597CB4006EE421 /* Frameworks */,
				8744749228597CB4006EE421 /* Resources */,
				8BA75C63E95E9B32F98E7D71 /* [CP] Embed Pods Frameworks */,
			);
			buildRules = (
			);
			dependencies = (
			);
			name = TableViewDayThree;
			productName = TableViewDayThree;
			productReference = 8744749428597CB4006EE421 /* TableViewDayThree.app */;
			productType = "com.apple.product-type.application";
		};
/* End PBXNativeTarget section */

/* Begin PBXProject section */
		8744748C28597CB4006EE421 /* Project object */ = {
			isa = PBXProject;
			attributes = {
				BuildIndependentTargetsInParallel = 1;
				LastSwiftUpdateCheck = 1330;
				LastUpgradeCheck = 1330;
				TargetAttributes = {
					8744749328597CB4006EE421 = {
						CreatedOnToolsVersion = 13.3.1;
					};
				};
			};
			buildConfigurationList = 8744748F28597CB4006EE421 /* Build configuration list for PBXProject "TableViewDayThree" */;
			compatibilityVersion = "Xcode 13.0";
			developmentRegion = en;
			hasScannedForEncodings = 0;
			knownRegions = (
				en,
				Base,
			);
			mainGroup = 8744748B28597CB4006EE421;
			productRefGroup = 8744749528597CB4006EE421 /* Products */;
			projectDirPath = "";
			projectRoot = "";
			targets = (
				8744749328597CB4006EE421 /* TableViewDayThree */,
			);
		};
/* End PBXProject section */

/* Begin PBXResourcesBuildPhase section */
		8744749228597CB4006EE421 /* Resources */ = {
			isa = PBXResourcesBuildPhase;
			buildActionMask = 2147483647;
			files = (
				876E70442859C23000EF6DE1 /* book.json in Resources */,
				874474A428597CB6006EE421 /* LaunchScreen.storyboard in Resources */,
				874474A128597CB6006EE421 /* Assets.xcassets in Resources */,
				8744749F28597CB4006EE421 /* Main.storyboard in Resources */,
			);
			runOnlyForDeploymentPostprocessing = 0;
		};
/* End PBXResourcesBuildPhase section */

/* Begin PBXShellScriptBuildPhase section */
		8BA75C63E95E9B32F98E7D71 /* [CP] Embed Pods Frameworks */ = {
			isa = PBXShellScriptBuildPhase;
			buildActionMask = 2147483647;
			files = (
			);
			inputFileListPaths = (
				"${PODS_ROOT}/Target Support Files/Pods-TableViewDayThree/Pods-TableViewDayThree-frameworks-${CONFIGURATION}-input-files.xcfilelist",
			);
			name = "[CP] Embed Pods Frameworks";
			outputFileListPaths = (
				"${PODS_ROOT}/Target Support Files/Pods-TableViewDayThree/Pods-TableViewDayThree-frameworks-${CONFIGURATION}-output-files.xcfilelist",
			);
			runOnlyForDeploymentPostprocessing = 0;
			shellPath = /bin/sh;
			shellScript = "\"${PODS_ROOT}/Target Support Files/Pods-TableViewDayThree/Pods-TableViewDayThree-frameworks.sh\"\n";
			showEnvVarsInLog = 0;
		};
		FD12A62ACEBEEC61C3254559 /* [CP] Check Pods Manifest.lock */ = {
			isa = PBXShellScriptBuildPhase;
			buildActionMask = 2147483647;
			files = (
			);
			inputFileListPaths = (
			);
			inputPaths = (
				"${PODS_PODFILE_DIR_PATH}/Podfile.lock",
				"${PODS_ROOT}/Manifest.lock",
			);
			name = "[CP] Check Pods Manifest.lock";
			outputFileListPaths = (
			);
			outputPaths = (
				"$(DERIVED_FILE_DIR)/Pods-TableViewDayThree-checkManifestLockResult.txt",
			);
			runOnlyForDeploymentPostprocessing = 0;
			shellPath = /bin/sh;
			shellScript = "diff \"${PODS_PODFILE_DIR_PATH}/Podfile.lock\" \"${PODS_ROOT}/Manifest.lock\" > /dev/null\nif [ $? != 0 ] ; then\n    # print error to STDERR\n    echo \"error: The sandbox is not in sync with the Podfile.lock. Run 'pod install' or update your CocoaPods installation.\" >&2\n    exit 1\nfi\n# This output is used by Xcode 'outputs' to avoid re-running this script phase.\necho \"SUCCESS\" > \"${SCRIPT_OUTPUT_FILE_0}\"\n";
			showEnvVarsInLog = 0;
		};
/* End PBXShellScriptBuildPhase section */

/* Begin PBXSourcesBuildPhase section */
		8744749028597CB4006EE421 /* Sources */ = {
			isa = PBXSourcesBuildPhase;
			buildActionMask = 2147483647;
			files = (
				8744749828597CB4006EE421 /* AppDelegate.swift in Sources */,
				874474B0285982AB006EE421 /* BookCell.swift in Sources */,
				874474B2285987D5006EE421 /* modelbook.swift in Sources */,
				874474AE28597E33006EE421 /* TableViewController.swift in Sources */,
				8744749A28597CB4006EE421 /* SceneDelegate.swift in Sources */,
			);
			runOnlyForDeploymentPostprocessing = 0;
		};
/* End PBXSourcesBuildPhase section */

/* Begin PBXVariantGroup section */
		8744749D28597CB4006EE421 /* Main.storyboard */ = {
			isa = PBXVariantGroup;
			children = (
				8744749E28597CB4006EE421 /* Base */,
			);
			name = Main.storyboard;
			sourceTree = "<group>";
		};
		874474A228597CB6006EE421 /* LaunchScreen.storyboard */ = {
			isa = PBXVariantGroup;
			children = (
				874474A328597CB6006EE421 /* Base */,
			);
			name = LaunchScreen.storyboard;
			sourceTree = "<group>";
		};
/* End PBXVariantGroup section */

/* Begin XCBuildConfiguration section */
		874474A628597CB6006EE421 /* Debug */ = {
			isa = XCBuildConfiguration;
			buildSettings = {
				ALWAYS_SEARCH_USER_PATHS = NO;
				CLANG_ANALYZER_NONNULL = YES;
				CLANG_ANALYZER_NUMBER_OBJECT_CONVERSION = YES_AGGRESSIVE;
				CLANG_CXX_LANGUAGE_STANDARD = "gnu++17";
				CLANG_ENABLE_MODULES = YES;
				CLANG_ENABLE_OBJC_ARC = YES;
				CLANG_ENABLE_OBJC_WEAK = YES;
				CLANG_WARN_BLOCK_CAPTURE_AUTORELEASING = YES;
				CLANG_WARN_BOOL_CONVERSION = YES;
				CLANG_WARN_COMMA = YES;
				CLANG_WARN_CONSTANT_CONVERSION = YES;
				CLANG_WARN_DEPRECATED_OBJC_IMPLEMENTATIONS = YES;
				CLANG_WARN_DIRECT_OBJC_ISA_USAGE = YES_ERROR;
				CLANG_WARN_DOCUMENTATION_COMMENTS = YES;
				CLANG_WARN_EMPTY_BODY = YES;
				CLANG_WARN_ENUM_CONVERSION = YES;
				CLANG_WARN_INFINITE_RECURSION = YES;
				CLANG_WARN_INT_CONVERSION = YES;
				CLANG_WARN_NON_LITERAL_NULL_CONVERSION = YES;
				CLANG_WARN_OBJC_IMPLICIT_RETAIN_SELF = YES;
				CLANG_WARN_OBJC_LITERAL_CONVERSION = YES;
				CLANG_WARN_OBJC_ROOT_CLASS = YES_ERROR;
				CLANG_WARN_QUOTED_INCLUDE_IN_FRAMEWORK_HEADER = YES;
				CLANG_WARN_RANGE_LOOP_ANALYSIS = YES;
				CLANG_WARN_STRICT_PROTOTYPES = YES;
				CLANG_WARN_SUSPICIOUS_MOVE = YES;
				CLANG_WARN_UNGUARDED_AVAILABILITY = YES_AGGRESSIVE;
				CLANG_WARN_UNREACHABLE_CODE = YES;
				CLANG_WARN__DUPLICATE_METHOD_MATCH = YES;
				COPY_PHASE_STRIP = NO;
				DEBUG_INFORMATION_FORMAT = dwarf;
				ENABLE_STRICT_OBJC_MSGSEND = YES;
				ENABLE_TESTABILITY = YES;
				GCC_C_LANGUAGE_STANDARD = gnu11;
				GCC_DYNAMIC_NO_PIC = NO;
				GCC_NO_COMMON_BLOCKS = YES;
				GCC_OPTIMIZATION_LEVEL = 0;
				GCC_PREPROCESSOR_DEFINITIONS = (
					"DEBUG=1",
					"$(inherited)",
				);
				GCC_WARN_64_TO_32_BIT_CONVERSION = YES;
				GCC_WARN_ABOUT_RETURN_TYPE = YES_ERROR;
				GCC_WARN_UNDECLARED_SELECTOR = YES;
				GCC_WARN_UNINITIALIZED_AUTOS = YES_AGGRESSIVE;
				GCC_WARN_UNUSED_FUNCTION = YES;
				GCC_WARN_UNUSED_VARIABLE = YES;
				IPHONEOS_DEPLOYMENT_TARGET = 15.4;
				MTL_ENABLE_DEBUG_INFO = INCLUDE_SOURCE;
				MTL_FAST_MATH = YES;
				ONLY_ACTIVE_ARCH = YES;
				SDKROOT = iphoneos;
				SWIFT_ACTIVE_COMPILATION_CONDITIONS = DEBUG;
				SWIFT_OPTIMIZATION_LEVEL = "-Onone";
			};
			name = Debug;
		};
		874474A728597CB6006EE421 /* Release */ = {
			isa = XCBuildConfiguration;
			buildSettings = {
				ALWAYS_SEARCH_USER_PATHS = NO;
				CLANG_ANALYZER_NONNULL = YES;
				CLANG_ANALYZER_NUMBER_OBJECT_CONVERSION = YES_AGGRESSIVE;
				CLANG_CXX_LANGUAGE_STANDARD = "gnu++17";
				CLANG_ENABLE_MODULES = YES;
				CLANG_ENABLE_OBJC_ARC = YES;
				CLANG_ENABLE_OBJC_WEAK = YES;
				CLANG_WARN_BLOCK_CAPTURE_AUTORELEASING = YES;
				CLANG_WARN_BOOL_CONVERSION = YES;
				CLANG_WARN_COMMA = YES;
				CLANG_WARN_CONSTANT_CONVERSION = YES;
				CLANG_WARN_DEPRECATED_OBJC_IMPLEMENTATIONS = YES;
				CLANG_WARN_DIRECT_OBJC_ISA_USAGE = YES_ERROR;
				CLANG_WARN_DOCUMENTATION_COMMENTS = YES;
				CLANG_WARN_EMPTY_BODY = YES;
				CLANG_WARN_ENUM_CONVERSION = YES;
				CLANG_WARN_INFINITE_RECURSION = YES;
				CLANG_WARN_INT_CONVERSION = YES;
				CLANG_WARN_NON_LITERAL_NULL_CONVERSION = YES;
				CLANG_WARN_OBJC_IMPLICIT_RETAIN_SELF = YES;
				CLANG_WARN_OBJC_LITERAL_CONVERSION = YES;
				CLANG_WARN_OBJC_ROOT_CLASS = YES_ERROR;
				CLANG_WARN_QUOTED_INCLUDE_IN_FRAMEWORK_HEADER = YES;
				CLANG_WARN_RANGE_LOOP_ANALYSIS = YES;
				CLANG_WARN_STRICT_PROTOTYPES = YES;
				CLANG_WARN_SUSPICIOUS_MOVE = YES;
				CLANG_WARN_UNGUARDED_AVAILABILITY = YES_AGGRESSIVE;
				CLANG_WARN_UNREACHABLE_CODE = YES;
				CLANG_WARN__DUPLICATE_METHOD_MATCH = YES;
				COPY_PHASE_STRIP = NO;
				DEBUG_INFORMATION_FORMAT = "dwarf-with-dsym";
				ENABLE_NS_ASSERTIONS = NO;
				ENABLE_STRICT_OBJC_MSGSEND = YES;
				GCC_C_LANGUAGE_STANDARD = gnu11;
				GCC_NO_COMMON_BLOCKS = YES;
				GCC_WARN_64_TO_32_BIT_CONVERSION = YES;
				GCC_WARN_ABOUT_RETURN_TYPE = YES_ERROR;
				GCC_WARN_UNDECLARED_SELECTOR = YES;
				GCC_WARN_UNINITIALIZED_AUTOS = YES_AGGRESSIVE;
				GCC_WARN_UNUSED_FUNCTION = YES;
				GCC_WARN_UNUSED_VARIABLE = YES;
				IPHONEOS_DEPLOYMENT_TARGET = 15.4;
				MTL_ENABLE_DEBUG_INFO = NO;
				MTL_FAST_MATH = YES;
				SDKROOT = iphoneos;
				SWIFT_COMPILATION_MODE = wholemodule;
				SWIFT_OPTIMIZATION_LEVEL = "-O";
				VALIDATE_PRODUCT = YES;
			};
			name = Release;
		};
		874474A928597CB6006EE421 /* Debug */ = {
			isa = XCBuildConfiguration;
			baseConfigurationReference = 39F21785244F0E2F0EDB88FB /* Pods-TableViewDayThree.debug.xcconfig */;
			buildSettings = {
				ASSETCATALOG_COMPILER_APPICON_NAME = AppIcon;
				ASSETCATALOG_COMPILER_GLOBAL_ACCENT_COLOR_NAME = AccentColor;
				CODE_SIGN_STYLE = Automatic;
				CURRENT_PROJECT_VERSION = 1;
				GENERATE_INFOPLIST_FILE = YES;
				INFOPLIST_FILE = TableViewDayThree/Info.plist;
				INFOPLIST_KEY_UIApplicationSupportsIndirectInputEvents = YES;
				INFOPLIST_KEY_UILaunchStoryboardName = LaunchScreen;
				INFOPLIST_KEY_UIMainStoryboardFile = Main;
				INFOPLIST_KEY_UISupportedInterfaceOrientations_iPad = "UIInterfaceOrientationPortrait UIInterfaceOrientationPortraitUpsideDown UIInterfaceOrientationLandscapeLeft UIInterfaceOrientationLandscapeRight";
				INFOPLIST_KEY_UISupportedInterfaceOrientations_iPhone = "UIInterfaceOrientationPortrait UIInterfaceOrientationLandscapeLeft UIInterfaceOrientationLandscapeRight";
				LD_RUNPATH_SEARCH_PATHS = (
					"$(inherited)",
					"@executable_path/Frameworks",
				);
				MARKETING_VERSION = 1.0;
				PRODUCT_BUNDLE_IDENTIFIER = com.ocbcnisp.TableViewDayThree;
				PRODUCT_NAME = "$(TARGET_NAME)";
				SWIFT_EMIT_LOC_STRINGS = YES;
				SWIFT_VERSION = 5.0;
				TARGETED_DEVICE_FAMILY = "1,2";
			};
			name = Debug;
		};
		874474AA28597CB6006EE421 /* Release */ = {
			isa = XCBuildConfiguration;
			baseConfigurationReference = 2A3C12D83DF1A37B2918AD1A /* Pods-TableViewDayThree.release.xcconfig */;
			buildSettings = {
				ASSETCATALOG_COMPILER_APPICON_NAME = AppIcon;
				ASSETCATALOG_COMPILER_GLOBAL_ACCENT_COLOR_NAME = AccentColor;
				CODE_SIGN_STYLE = Automatic;
				CURRENT_PROJECT_VERSION = 1;
				GENERATE_INFOPLIST_FILE = YES;
				INFOPLIST_FILE = TableViewDayThree/Info.plist;
				INFOPLIST_KEY_UIApplicationSupportsIndirectInputEvents = YES;
				INFOPLIST_KEY_UILaunchStoryboardName = LaunchScreen;
				INFOPLIST_KEY_UIMainStoryboardFile = Main;
				INFOPLIST_KEY_UISupportedInterfaceOrientations_iPad = "UIInterfaceOrientationPortrait UIInterfaceOrientationPortraitUpsideDown UIInterfaceOrientationLandscapeLeft UIInterfaceOrientationLandscapeRight";
				INFOPLIST_KEY_UISupportedInterfaceOrientations_iPhone = "UIInterfaceOrientationPortrait UIInterfaceOrientationLandscapeLeft UIInterfaceOrientationLandscapeRight";
				LD_RUNPATH_SEARCH_PATHS = (
					"$(inherited)",
					"@executable_path/Frameworks",
				);
				MARKETING_VERSION = 1.0;
				PRODUCT_BUNDLE_IDENTIFIER = com.ocbcnisp.TableViewDayThree;
				PRODUCT_NAME = "$(TARGET_NAME)";
				SWIFT_EMIT_LOC_STRINGS = YES;
				SWIFT_VERSION = 5.0;
				TARGETED_DEVICE_FAMILY = "1,2";
			};
			name = Release;
		};
/* End XCBuildConfiguration section */

/* Begin XCConfigurationList section */
		8744748F28597CB4006EE421 /* Build configuration list for PBXProject "TableViewDayThree" */ = {
			isa = XCConfigurationList;
			buildConfigurations = (
				874474A628597CB6006EE421 /* Debug */,
				874474A728597CB6006EE421 /* Release */,
			);
			defaultConfigurationIsVisible = 0;
			defaultConfigurationName = Release;
		};
		874474A828597CB6006EE421 /* Build configuration list for PBXNativeTarget "TableViewDayThree" */ = {
			isa = XCConfigurationList;
			buildConfigurations = (
				874474A928597CB6006EE421 /* Debug */,
				874474AA28597CB6006EE421 /* Release */,
			);
			defaultConfigurationIsVisible = 0;
			defaultConfigurationName = Release;
		};
/* End XCConfigurationList section */
	};
	rootObject = 8744748C28597CB4006EE421 /* Project object */;
}
